dependencies:
- name: rabbitmq
  repository: oci://registry-1.docker.io/bitnamicharts
  version: 15.5.3
- name: valkey
  repository: oci://registry-1.docker.io/bitnamicharts
  version: 3.0.2
digest: sha256:5ff1b4a8e361ba265481533e62ec4595a9b623fe7a3c00600fe6eff593427041
generated: "2025-04-27T13:28:48.750278091+02:00"
